
Microsoft Visual Studio Solution File, Format Version 12.00
# Visual Studio Version 16
VisualStudioVersion = 16.0.32929.386
MinimumVisualStudioVersion = 10.0.40219.1
Project("{FAE04EC0-301F-11D3-BF4B-00C04F79EFBC}") = "IrisBack", "IrisBack\IrisBack.csproj", "{966337D7-C1D2-4DED-B679-8A6D210B98F0}"
EndProject
Project("{FAE04EC0-301F-11D3-BF4B-00C04F79EFBC}") = "IrisCore", "IrisCore\IrisCore.csproj", "{C4F6FD0B-62D8-458C-89F6-051EBFF1767B}"
EndProject
Project("{FAE04EC0-301F-11D3-BF4B-00C04F79EFBC}") = "IrisBusiness", "IrisBusiness\IrisBusiness.csproj", "{2A504989-6168-4946-95D7-F30B042494DB}"
EndProject
Global
	GlobalSection(SolutionConfigurationPlatforms) = preSolution
		Debug|Any CPU = Debug|Any CPU
		Release|Any CPU = Release|Any CPU
	EndGlobalSection
	GlobalSection(ProjectConfigurationPlatforms) = postSolution
		{966337D7-C1D2-4DED-B679-8A6D210B98F0}.Debug|Any CPU.ActiveCfg = Debug|Any CPU
		{966337D7-C1D2-4DED-B679-8A6D210B98F0}.Debug|Any CPU.Build.0 = Debug|Any CPU
		{966337D7-C1D2-4DED-B679-8A6D210B98F0}.Release|Any CPU.ActiveCfg = Release|Any CPU
		{966337D7-C1D2-4DED-B679-8A6D210B98F0}.Release|Any CPU.Build.0 = Release|Any CPU
		{C4F6FD0B-62D8-458C-89F6-051EBFF1767B}.Debug|Any CPU.ActiveCfg = Debug|Any CPU
		{C4F6FD0B-62D8-458C-89F6-051EBFF1767B}.Debug|Any CPU.Build.0 = Debug|Any CPU
		{C4F6FD0B-62D8-458C-89F6-051EBFF1767B}.Release|Any CPU.ActiveCfg = Release|Any CPU
		{C4F6FD0B-62D8-458C-89F6-051EBFF1767B}.Release|Any CPU.Build.0 = Release|Any CPU
		{2A504989-6168-4946-95D7-F30B042494DB}.Debug|Any CPU.ActiveCfg = Debug|Any CPU
		{2A504989-6168-4946-95D7-F30B042494DB}.Debug|Any CPU.Build.0 = Debug|Any CPU
		{2A504989-6168-4946-95D7-F30B042494DB}.Release|Any CPU.ActiveCfg = Release|Any CPU
		{2A504989-6168-4946-95D7-F30B042494DB}.Release|Any CPU.Build.0 = Release|Any CPU
	EndGlobalSection
	GlobalSection(SolutionProperties) = preSolution
		HideSolutionNode = FALSE
	EndGlobalSection
	GlobalSection(ExtensibilityGlobals) = postSolution
		SolutionGuid = {A361C1E9-942D-4A16-BC3B-C169A2978770}
	EndGlobalSection
EndGlobal
